Microsoft Visual Studio Solution File, Format Version 12.00
# Visual Studio Version 17
VisualStudioVersion = 17.5.2.0
MinimumVisualStudioVersion = 10.0.40219.1
Project("{FAE04EC0-301F-11D3-BF4B-00C04F79EFBC}") = "CatalogIngestionService", "CatalogIngestionService.csproj", "{EC740A0E-2FC5-100A-B4E4-47EB05104661}"
EndProject
Global
	GlobalSection(SolutionConfigurationPlatforms) = preSolution
		Debug|Any CPU = Debug|Any CPU
		Release|Any CPU = Release|Any CPU
	EndGlobalSection
	GlobalSection(ProjectConfigurationPlatforms) = postSolution
		{EC740A0E-2FC5-100A-B4E4-47EB05104661}.Debug|Any CPU.ActiveCfg = Debug|Any CPU
		{EC740A0E-2FC5-100A-B4E4-47EB05104661}.Debug|Any CPU.Build.0 = Debug|Any CPU
		{EC740A0E-2FC5-100A-B4E4-47EB05104661}.Release|Any CPU.ActiveCfg = Release|Any CPU
		{EC740A0E-2FC5-100A-B4E4-47EB05104661}.Release|Any CPU.Build.0 = Release|Any CPU
	EndGlobalSection
	GlobalSection(SolutionProperties) = preSolution
		HideSolutionNode = FALSE
	EndGlobalSection
	GlobalSection(ExtensibilityGlobals) = postSolution
		SolutionGuid = {FD7FD195-8A9B-40C0-BE19-08536BB07A1F}
	EndGlobalSection
EndGlobal
